#MicroXplorer Configuration settings - do not modify
Dma.Request0=USART6_RX
Dma.RequestsNb=1
Dma.USART6_RX.0.Direction=DMA_PERIPH_TO_MEMORY
Dma.USART6_RX.0.FIFOMode=DMA_FIFOMODE_DISABLE
Dma.USART6_RX.0.Instance=DMA2_Stream1
Dma.USART6_RX.0.MemDataAlignment=DMA_MDATAALIGN_BYTE
Dma.USART6_RX.0.MemInc=DMA_MINC_ENABLE
Dma.USART6_RX.0.Mode=DMA_NORMAL
Dma.USART6_RX.0.PeriphDataAlignment=DMA_PDATAALIGN_BYTE
Dma.USART6_RX.0.PeriphInc=DMA_PINC_DISABLE
Dma.USART6_RX.0.Priority=DMA_PRIORITY_LOW
Dma.USART6_RX.0.RequestParameters=Instance,Direction,PeriphInc,MemInc,PeriphDataAlignment,MemDataAlignment,Mode,Priority,FIFOMode
File.Version=6
GPIO.groupedBy=Group By Peripherals
I2C1.ClockSpeed=10000
I2C1.IPParameters=ClockSpeed
KeepUserPlacement=false
Mcu.Family=STM32F2
Mcu.IP0=DMA
Mcu.IP1=I2C1
Mcu.IP10=USART6
Mcu.IP11=USB_DEVICE
Mcu.IP12=USB_OTG_FS
Mcu.IP2=I2C3
Mcu.IP3=NVIC
Mcu.IP4=RCC
Mcu.IP5=SYS
Mcu.IP6=TIM9
Mcu.IP7=TIM11
Mcu.IP8=TIM12
Mcu.IP9=TIM14
Mcu.IPNb=13
Mcu.Name=STM32F207I(C-E-F-G)Tx
Mcu.Package=LQFP176
Mcu.Pin0=PE2
Mcu.Pin1=PE3
Mcu.Pin10=PF5
Mcu.Pin11=PF7
Mcu.Pin12=PH0-OSC_IN
Mcu.Pin13=PH1-OSC_OUT
Mcu.Pin14=PC0
Mcu.Pin15=PC1
Mcu.Pin16=PC2
Mcu.Pin17=PC3
Mcu.Pin18=PA1
Mcu.Pin19=PA2
Mcu.Pin2=PE4
Mcu.Pin20=PF13
Mcu.Pin21=PF14
Mcu.Pin22=PF15
Mcu.Pin23=PG0
Mcu.Pin24=PG1
Mcu.Pin25=PE7
Mcu.Pin26=PE8
Mcu.Pin27=PE9
Mcu.Pin28=PB14
Mcu.Pin29=PB15
Mcu.Pin3=PE5
Mcu.Pin30=PD10
Mcu.Pin31=PD14
Mcu.Pin32=PD15
Mcu.Pin33=PG7
Mcu.Pin34=PG8
Mcu.Pin35=PC6
Mcu.Pin36=PC9
Mcu.Pin37=PA8
Mcu.Pin38=PA11
Mcu.Pin39=PA12
Mcu.Pin4=PE6
Mcu.Pin40=PA13
Mcu.Pin41=PH13
Mcu.Pin42=PH14
Mcu.Pin43=PH15
Mcu.Pin44=PA14
Mcu.Pin45=PD6
Mcu.Pin46=PD7
Mcu.Pin47=PG9
Mcu.Pin48=PG10
Mcu.Pin49=PG11
Mcu.Pin5=PF0
Mcu.Pin50=PG12
Mcu.Pin51=PG13
Mcu.Pin52=PG15
Mcu.Pin53=PB6
Mcu.Pin54=PB7
Mcu.Pin55=PB8
Mcu.Pin56=PB9
Mcu.Pin57=PE1
Mcu.Pin58=PI4
Mcu.Pin59=PI5
Mcu.Pin6=PF1
Mcu.Pin60=PI6
Mcu.Pin61=PI7
Mcu.Pin62=VP_SYS_VS_Systick
Mcu.Pin63=VP_TIM11_VS_ClockSourceINT
Mcu.Pin64=VP_TIM14_VS_ClockSourceINT
Mcu.Pin65=VP_USB_DEVICE_VS_USB_DEVICE_CDC_FS
Mcu.Pin7=PF2
Mcu.Pin8=PF3
Mcu.Pin9=PF4
Mcu.PinsNb=66
Mcu.ThirdPartyNb=0
Mcu.UserConstants=
Mcu.UserName=STM32F207IGTx
MxCube.Version=6.1.1
MxDb.Version=DB.6.0.10
NVIC.BusFault_IRQn=true\:0\:0\:false\:false\:true\:false\:false
NVIC.DMA2_Stream1_IRQn=true\:0\:0\:false\:false\:true\:false\:true
NVIC.DebugMonitor_IRQn=true\:0\:0\:false\:false\:true\:false\:false
NVIC.ForceEnableDMAVector=true
NVIC.HardFault_IRQn=true\:0\:0\:false\:false\:true\:false\:false
NVIC.I2C3_EV_IRQn=true\:0\:0\:false\:false\:true\:true\:true
NVIC.MemoryManagement_IRQn=true\:0\:0\:false\:false\:true\:false\:false
NVIC.NonMaskableInt_IRQn=true\:0\:0\:false\:false\:true\:false\:false
NVIC.OTG_FS_IRQn=true\:0\:0\:false\:false\:true\:true\:true
NVIC.PendSV_IRQn=true\:0\:0\:false\:false\:true\:false\:false
NVIC.PriorityGroup=NVIC_PRIORITYGROUP_4
NVIC.SVCall_IRQn=true\:0\:0\:false\:false\:true\:false\:false
NVIC.SysTick_IRQn=true\:0\:0\:false\:false\:true\:false\:true
NVIC.TIM8_TRG_COM_TIM14_IRQn=true\:0\:0\:false\:false\:true\:true\:true
NVIC.UsageFault_IRQn=true\:0\:0\:false\:false\:true\:false\:false
PA1.GPIOParameters=GPIO_Speed,GPIO_PuPd,GPIO_Label
PA1.GPIO_Label=EN3_Distance_J26
PA1.GPIO_PuPd=GPIO_PULLDOWN
PA1.GPIO_Speed=GPIO_SPEED_FREQ_HIGH
PA1.Locked=true
PA1.Signal=GPIO_Output
PA11.Mode=Device_Only
PA11.Signal=USB_OTG_FS_DM
PA12.Mode=Device_Only
PA12.Signal=USB_OTG_FS_DP
PA13.Mode=Serial_Wire
PA13.Signal=SYS_JTMS-SWDIO
PA14.Mode=Serial_Wire
PA14.Signal=SYS_JTCK-SWCLK
PA2.GPIOParameters=GPIO_Speed,GPIO_PuPd,GPIO_Label
PA2.GPIO_Label=EN4_Distance_J26
PA2.GPIO_PuPd=GPIO_PULLDOWN
PA2.GPIO_Speed=GPIO_SPEED_FREQ_HIGH
PA2.Locked=true
PA2.Signal=GPIO_Output
PA8.GPIOParameters=GPIO_Label
PA8.GPIO_Label=I2C_SCL_IMU
PA8.Locked=true
PA8.Mode=I2C
PA8.Signal=I2C3_SCL
PB14.GPIOParameters=GPIO_PuPd
PB14.GPIO_PuPd=GPIO_PULLDOWN
PB14.Locked=true
PB14.Signal=S_TIM12_CH1
PB15.Locked=true
PB15.Signal=S_TIM12_CH2
PB6.Locked=true
PB6.Mode=I2C
PB6.Signal=I2C1_SCL
PB7.Locked=true
PB7.Mode=I2C
PB7.Signal=I2C1_SDA
PB8.GPIOParameters=GPIO_Speed,GPIO_Label
PB8.GPIO_Label=SCL_Distance_J18
PB8.GPIO_Speed=GPIO_SPEED_FREQ_VERY_HIGH
PB8.Locked=true
PB8.Signal=GPIO_Output
PB9.GPIOParameters=GPIO_PuPd,GPIO_Label
PB9.GPIO_Label=SDA_Distance_J18
PB9.GPIO_PuPd=GPIO_PULLUP
PB9.Locked=true
PB9.Signal=GPIO_Input
PC0.GPIOParameters=GPIO_Speed,GPIO_PuPd,GPIO_Label
PC0.GPIO_Label=SCL_Distance_J26
PC0.GPIO_PuPd=GPIO_NOPULL
PC0.GPIO_Speed=GPIO_SPEED_FREQ_VERY_HIGH
PC0.Locked=true
PC0.Signal=GPIO_Output
PC1.GPIOParameters=GPIO_PuPd,GPIO_Label
PC1.GPIO_Label=SDA_Distance_J26
PC1.GPIO_PuPd=GPIO_PULLUP
PC1.Locked=true
PC1.Signal=GPIO_Input
PC2.GPIOParameters=GPIO_Speed,GPIO_PuPd,GPIO_Label
PC2.GPIO_Label=EN1_Distance_J26
PC2.GPIO_PuPd=GPIO_PULLDOWN
PC2.GPIO_Speed=GPIO_SPEED_FREQ_HIGH
PC2.Locked=true
PC2.Signal=GPIO_Output
PC3.GPIOParameters=GPIO_Speed,GPIO_PuPd,GPIO_Label
PC3.GPIO_Label=EN2_Distance_J26
PC3.GPIO_PuPd=GPIO_PULLDOWN
PC3.GPIO_Speed=GPIO_SPEED_FREQ_HIGH
PC3.Locked=true
PC3.Signal=GPIO_Output
PC6.Mode=Asynchronous
PC6.Signal=USART6_TX
PC9.GPIOParameters=GPIO_Label
PC9.GPIO_Label=I2C_SDA_IMU
PC9.Locked=true
PC9.Mode=I2C
PC9.Signal=I2C3_SDA
PD10.GPIOParameters=GPIO_PuPd,GPIO_Label
PD10.GPIO_Label=RightArmRed
PD10.GPIO_PuPd=GPIO_PULLDOWN
PD10.Locked=true
PD10.Signal=GPIO_Output
PD14.GPIOParameters=GPIO_PuPd,GPIO_Label
PD14.GPIO_Label=RightArmGreen
PD14.GPIO_PuPd=GPIO_PULLDOWN
PD14.Locked=true
PD14.Signal=GPIO_Output
PD15.GPIOParameters=GPIO_PuPd,GPIO_Label
PD15.GPIO_Label=RightArmBlue
PD15.GPIO_PuPd=GPIO_PULLDOWN
PD15.Locked=true
PD15.Signal=GPIO_Output
PD6.GPIOParameters=GPIO_Label
PD6.GPIO_Label=PD6
PD6.Locked=true
PD6.Signal=GPIO_Input
PD7.GPIOParameters=GPIO_Label
PD7.GPIO_Label=PD7
PD7.Locked=true
PD7.Signal=GPIO_Input
PE1.GPIOParameters=GPIO_Speed,GPIO_PuPd,GPIO_Label
PE1.GPIO_Label=LeftArmUp
PE1.GPIO_PuPd=GPIO_PULLDOWN
PE1.GPIO_Speed=GPIO_SPEED_FREQ_LOW
PE1.Locked=true
PE1.Signal=GPIO_Output
PE2.GPIOParameters=GPIO_Speed,GPIO_PuPd,GPIO_Label
PE2.GPIO_Label=LeftArmBrake
PE2.GPIO_PuPd=GPIO_PULLDOWN
PE2.GPIO_Speed=GPIO_SPEED_FREQ_LOW
PE2.Locked=true
PE2.Signal=GPIO_Output
PE3.GPIOParameters=GPIO_Speed,GPIO_PuPd,GPIO_Label
PE3.GPIO_Label=RightArmUp
PE3.GPIO_PuPd=GPIO_PULLDOWN
PE3.GPIO_Speed=GPIO_SPEED_FREQ_LOW
PE3.Locked=true
PE3.Signal=GPIO_Output
PE4.GPIOParameters=GPIO_PuPd,GPIO_Label
PE4.GPIO_Label=RightArmBrake
PE4.GPIO_PuPd=GPIO_PULLDOWN
PE4.Locked=true
PE4.Signal=GPIO_Output
PE5.GPIOParameters=GPIO_PuPd
PE5.GPIO_PuPd=GPIO_PULLDOWN
PE5.Signal=S_TIM9_CH1
PE6.GPIOParameters=GPIO_PuPd
PE6.GPIO_PuPd=GPIO_PULLDOWN
PE6.Signal=S_TIM9_CH2
PE7.GPIOParameters=GPIO_Label
PE7.GPIO_Label=PE7
PE7.Locked=true
PE7.Signal=GPIO_Input
PE8.GPIOParameters=GPIO_Label
PE8.GPIO_Label=PE8
PE8.Locked=true
PE8.Signal=GPIO_Input
PE9.GPIOParameters=GPIO_Label
PE9.GPIO_Label=PE9
PE9.Locked=true
PE9.Signal=GPIO_Input
PF0.GPIOParameters=GPIO_PuPd,GPIO_Label
PF0.GPIO_Label=CenterBrake
PF0.GPIO_PuPd=GPIO_PULLDOWN
PF0.Locked=true
PF0.Signal=GPIO_Output
PF1.GPIOParameters=GPIO_PuPd,GPIO_Label
PF1.GPIO_Label=CenterDir
PF1.GPIO_PuPd=GPIO_PULLDOWN
PF1.Locked=true
PF1.Signal=GPIO_Output
PF13.GPIOParameters=GPIO_Label
PF13.GPIO_Label=PF13
PF13.Locked=true
PF13.Signal=GPIO_Input
PF14.GPIOParameters=GPIO_Label
PF14.GPIO_Label=PF14
PF14.Locked=true
PF14.Signal=GPIO_Input
PF15.GPIOParameters=GPIO_Label
PF15.GPIO_Label=PF15
PF15.Locked=true
PF15.Signal=GPIO_Input
PF2.GPIOParameters=GPIO_PuPd,GPIO_Label
PF2.GPIO_Label=LeftBrake
PF2.GPIO_PuPd=GPIO_PULLDOWN
PF2.Locked=true
PF2.Signal=GPIO_Output
PF3.GPIOParameters=GPIO_PuPd,GPIO_Label
PF3.GPIO_Label=LeftDir
PF3.GPIO_PuPd=GPIO_PULLDOWN
PF3.Locked=true
PF3.Signal=GPIO_Output
PF4.GPIOParameters=GPIO_PuPd,GPIO_Label
PF4.GPIO_Label=RightBrake
PF4.GPIO_PuPd=GPIO_PULLDOWN
PF4.Locked=true
PF4.Signal=GPIO_Output
PF5.GPIOParameters=GPIO_PuPd,GPIO_Label
PF5.GPIO_Label=RightDir
PF5.GPIO_PuPd=GPIO_PULLDOWN
PF5.Locked=true
PF5.Signal=GPIO_Output
PF7.GPIOParameters=GPIO_Speed,GPIO_PuPd
PF7.GPIO_PuPd=GPIO_PULLDOWN
PF7.GPIO_Speed=GPIO_SPEED_FREQ_LOW
PF7.Signal=S_TIM11_CH1
PG0.GPIOParameters=GPIO_Label
PG0.GPIO_Label=RightLimitBack
PG0.Locked=true
PG0.Signal=GPIO_Input
PG1.GPIOParameters=GPIO_Label
PG1.GPIO_Label=RightLimitUp
PG1.Locked=true
PG1.Signal=GPIO_Input
PG10.GPIOParameters=GPIO_Label
PG10.GPIO_Label=LeftLimitUp
PG10.Locked=true
PG10.Signal=GPIO_Input
PG11.GPIOParameters=GPIO_Label
PG11.GPIO_Label=LeftLimitBack
PG11.Locked=true
PG11.Signal=GPIO_Input
PG12.GPIOParameters=GPIO_PuPd,GPIO_Label
PG12.GPIO_Label=BaseRed
PG12.GPIO_PuPd=GPIO_PULLDOWN
PG12.Locked=true
PG12.Signal=GPIO_Output
PG13.GPIOParameters=GPIO_PuPd,GPIO_Label
PG13.GPIO_Label=BaseGreen
PG13.GPIO_PuPd=GPIO_PULLDOWN
PG13.Locked=true
PG13.Signal=GPIO_Output
PG15.GPIOParameters=GPIO_PuPd,GPIO_Label
PG15.GPIO_Label=BaseBlue
PG15.GPIO_PuPd=GPIO_PULLDOWN
PG15.Locked=true
PG15.Signal=GPIO_Output
PG7.GPIOParameters=GPIO_Label
PG7.GPIO_Label=MotionBack
PG7.Locked=true
PG7.Signal=GPIO_Input
PG8.GPIOParameters=GPIO_Label
PG8.GPIO_Label=MotionFront
PG8.Locked=true
PG8.Signal=GPIO_Input
PG9.Locked=true
PG9.Mode=Asynchronous
PG9.Signal=USART6_RX
PH0-OSC_IN.Mode=HSE-External-Oscillator
PH0-OSC_IN.Signal=RCC_OSC_IN
PH1-OSC_OUT.Mode=HSE-External-Oscillator
PH1-OSC_OUT.Signal=RCC_OSC_OUT
PH13.GPIOParameters=GPIO_PuPd,GPIO_Label
PH13.GPIO_Label=LeftArmRed
PH13.GPIO_PuPd=GPIO_PULLDOWN
PH13.Locked=true
PH13.Signal=GPIO_Output
PH14.GPIOParameters=GPIO_PuPd,GPIO_Label
PH14.GPIO_Label=LeftArmGreen
PH14.GPIO_PuPd=GPIO_PULLDOWN
PH14.Locked=true
PH14.Signal=GPIO_Output
PH15.GPIOParameters=GPIO_PuPd,GPIO_Label
PH15.GPIO_Label=LeftArmBlue
PH15.GPIO_PuPd=GPIO_PULLDOWN
PH15.Locked=true
PH15.Signal=GPIO_Output
PI4.GPIOParameters=GPIO_Speed,GPIO_PuPd,GPIO_Label
PI4.GPIO_Label=EN1_Distance_J18
PI4.GPIO_PuPd=GPIO_PULLDOWN
PI4.GPIO_Speed=GPIO_SPEED_FREQ_HIGH
PI4.Locked=true
PI4.Signal=GPIO_Output
PI5.GPIOParameters=GPIO_Speed,GPIO_PuPd,GPIO_Label
PI5.GPIO_Label=EN2_Distance_J18
PI5.GPIO_PuPd=GPIO_PULLDOWN
PI5.GPIO_Speed=GPIO_SPEED_FREQ_HIGH
PI5.Locked=true
PI5.Signal=GPIO_Output
PI6.GPIOParameters=GPIO_Speed,GPIO_PuPd,GPIO_Label
PI6.GPIO_Label=EN3_Distance_J18
PI6.GPIO_PuPd=GPIO_PULLDOWN
PI6.GPIO_Speed=GPIO_SPEED_FREQ_HIGH
PI6.Locked=true
PI6.Signal=GPIO_Output
PI7.GPIOParameters=GPIO_Speed,GPIO_PuPd,GPIO_Label
PI7.GPIO_Label=EN4_Distance_J18
PI7.GPIO_PuPd=GPIO_PULLDOWN
PI7.GPIO_Speed=GPIO_SPEED_FREQ_HIGH
PI7.Locked=true
PI7.Signal=GPIO_Output
PinOutPanel.RotationAngle=-90
ProjectManager.AskForMigrate=true
ProjectManager.BackupPrevious=false
ProjectManager.CompilerOptimize=6
ProjectManager.ComputerToolchain=false
ProjectManager.CoupleFile=false
ProjectManager.CustomerFirmwarePackage=
ProjectManager.DefaultFWLocation=true
ProjectManager.DeletePrevious=true
ProjectManager.DeviceId=STM32F207IGTx
ProjectManager.FirmwarePackage=STM32Cube FW_F2 V1.9.3
ProjectManager.FreePins=false
ProjectManager.HalAssertFull=false
ProjectManager.HeapSize=0x200
ProjectManager.KeepUserCode=true
ProjectManager.LastFirmware=true
ProjectManager.LibraryCopy=1
ProjectManager.MainLocation=Core/Src
ProjectManager.NoMain=false
ProjectManager.PreviousToolchain=
ProjectManager.ProjectBuild=false
ProjectManager.ProjectFileName=Robot_MCU_Down.ioc
ProjectManager.ProjectName=Robot_MCU_Down
ProjectManager.RegisterCallBack=
ProjectManager.StackSize=0x400
ProjectManager.TargetToolchain=STM32CubeIDE
ProjectManager.ToolChainLocation=
ProjectManager.UnderRoot=true
ProjectManager.functionlistsort=1-MX_GPIO_Init-GPIO-false-HAL-true,2-MX_DMA_Init-DMA-false-HAL-true,3-SystemClock_Config-RCC-false-HAL-false,4-MX_USB_DEVICE_Init-USB_DEVICE-false-HAL-false,5-MX_TIM14_Init-TIM14-false-HAL-true,6-MX_TIM9_Init-TIM9-false-HAL-true,7-MX_USART6_UART_Init-USART6-false-HAL-true,8-MX_TIM11_Init-TIM11-false-HAL-true,9-MX_TIM12_Init-TIM12-false-HAL-true,10-MX_I2C3_Init-I2C3-false-HAL-true
RCC.48MHZClocksFreq_Value=48000000
RCC.AHBFreq_Value=16000000
RCC.APB1Freq_Value=16000000
RCC.APB2Freq_Value=16000000
RCC.CortexFreq_Value=16000000
RCC.FamilyName=M
RCC.HSE_VALUE=8000000
RCC.HSI_VALUE=16000000
RCC.I2SClocksFreq_Value=192000000
RCC.IPParameters=48MHZClocksFreq_Value,AHBFreq_Value,APB1Freq_Value,APB2Freq_Value,CortexFreq_Value,FamilyName,HSE_VALUE,HSI_VALUE,I2SClocksFreq_Value,LSE_VALUE,LSI_VALUE,PLLCLKFreq_Value,PLLM,PLLQ,PLLSourceVirtual,RTCFreq_Value,RTCHSEDivFreq_Value,SYSCLKFreq_VALUE,VCOI2SOutputFreq_Value,VCOInputFreq_Value,VCOOutputFreq_Value,VcooutputI2S
RCC.LSE_VALUE=32768
RCC.LSI_VALUE=32000
RCC.PLLCLKFreq_Value=192000000
RCC.PLLM=4
RCC.PLLQ=8
RCC.PLLSourceVirtual=RCC_PLLSOURCE_HSE
RCC.RTCFreq_Value=32000
RCC.RTCHSEDivFreq_Value=4000000
RCC.SYSCLKFreq_VALUE=16000000
RCC.VCOI2SOutputFreq_Value=384000000
RCC.VCOInputFreq_Value=2000000
RCC.VCOOutputFreq_Value=384000000
RCC.VcooutputI2S=192000000
SH.S_TIM11_CH1.0=TIM11_CH1,PWM Generation1 CH1
SH.S_TIM11_CH1.ConfNb=1
SH.S_TIM12_CH1.0=TIM12_CH1,PWM Generation1 CH1
SH.S_TIM12_CH1.ConfNb=1
SH.S_TIM12_CH2.0=TIM12_CH2,PWM Generation2 CH2
SH.S_TIM12_CH2.ConfNb=1
SH.S_TIM9_CH1.0=TIM9_CH1,PWM Generation1 CH1
SH.S_TIM9_CH1.ConfNb=1
SH.S_TIM9_CH2.0=TIM9_CH2,PWM Generation2 CH2
SH.S_TIM9_CH2.ConfNb=1
TIM11.AutoReloadPreload=TIM_AUTORELOAD_PRELOAD_ENABLE
TIM11.Channel=TIM_CHANNEL_1
TIM11.IPParameters=Channel,Prescaler,Period,AutoReloadPreload
TIM11.Period=100
TIM11.Prescaler=15
TIM12.AutoReloadPreload=TIM_AUTORELOAD_PRELOAD_ENABLE
TIM12.Channel-PWM\ Generation1\ CH1=TIM_CHANNEL_1
TIM12.Channel-PWM\ Generation2\ CH2=TIM_CHANNEL_2
TIM12.IPParameters=Channel-PWM Generation1 CH1,Channel-PWM Generation2 CH2,Prescaler,Period,AutoReloadPreload
TIM12.Period=100
TIM12.Prescaler=15
TIM14.AutoReloadPreload=TIM_AUTORELOAD_PRELOAD_ENABLE
TIM14.IPParameters=Prescaler,Period,AutoReloadPreload
TIM14.Period=99
TIM14.Prescaler=1599
TIM9.AutoReloadPreload=TIM_AUTORELOAD_PRELOAD_ENABLE
TIM9.Channel-PWM\ Generation1\ CH1=TIM_CHANNEL_1
TIM9.Channel-PWM\ Generation2\ CH2=TIM_CHANNEL_2
TIM9.IPParameters=Channel-PWM Generation1 CH1,Channel-PWM Generation2 CH2,Period,Prescaler,AutoReloadPreload,Pulse-PWM Generation1 CH1,Pulse-PWM Generation2 CH2
TIM9.Period=100
TIM9.Prescaler=15
TIM9.Pulse-PWM\ Generation1\ CH1=0
TIM9.Pulse-PWM\ Generation2\ CH2=0
USART6.BaudRate=115200
USART6.IPParameters=VirtualMode,BaudRate
USART6.VirtualMode=VM_ASYNC
USB_DEVICE.CLASS_NAME_FS=CDC
USB_DEVICE.IPParameters=VirtualMode-CDC_FS,VirtualModeFS,CLASS_NAME_FS
USB_DEVICE.VirtualMode-CDC_FS=Cdc
USB_DEVICE.VirtualModeFS=Cdc_FS
USB_OTG_FS.IPParameters=VirtualMode,low_power_enable,Sof_enable
USB_OTG_FS.Sof_enable=DISABLE
USB_OTG_FS.VirtualMode=Device_Only
USB_OTG_FS.low_power_enable=DISABLE
VP_SYS_VS_Systick.Mode=SysTick
VP_SYS_VS_Systick.Signal=SYS_VS_Systick
VP_TIM11_VS_ClockSourceINT.Mode=Enable_Timer
VP_TIM11_VS_ClockSourceINT.Signal=TIM11_VS_ClockSourceINT
VP_TIM14_VS_ClockSourceINT.Mode=Enable_Timer
VP_TIM14_VS_ClockSourceINT.Signal=TIM14_VS_ClockSourceINT
VP_USB_DEVICE_VS_USB_DEVICE_CDC_FS.Mode=CDC_FS
VP_USB_DEVICE_VS_USB_DEVICE_CDC_FS.Signal=USB_DEVICE_VS_USB_DEVICE_CDC_FS
board=custom
isbadioc=false
